
Microsoft Visual Studio Solution File, Format Version 12.00
# Visual Studio Version 17
VisualStudioVersion = 17.10.35122.118
MinimumVisualStudioVersion = 10.0.40219.1
Project("{8BC9CEB8-8B4A-11D0-8D11-00A0C91BC942}") = "250509", "250509\250509.vcxproj", "{A2983ED2-712E-4130-AFF3-89840EB02CDE}"
EndProject
Global
	GlobalSection(SolutionConfigurationPlatforms) = preSolution
		Debug|x64 = Debug|x64
		Debug|x86 = Debug|x86
		Release|x64 = Release|x64
		Release|x86 = Release|x86
	EndGlobalSection
	GlobalSection(ProjectConfigurationPlatforms) = postSolution
		{A2983ED2-712E-4130-AFF3-89840EB02CDE}.Debug|x64.ActiveCfg = Debug|x64
		{A2983ED2-712E-4130-AFF3-89840EB02CDE}.Debug|x64.Build.0 = Debug|x64
		{A2983ED2-712E-4130-AFF3-89840EB02CDE}.Debug|x86.ActiveCfg = Debug|Win32
		{A2983ED2-712E-4130-AFF3-89840EB02CDE}.Debug|x86.Build.0 = Debug|Win32
		{A2983ED2-712E-4130-AFF3-89840EB02CDE}.Release|x64.ActiveCfg = Release|x64
		{A2983ED2-712E-4130-AFF3-89840EB02CDE}.Release|x64.Build.0 = Release|x64
		{A2983ED2-712E-4130-AFF3-89840EB02CDE}.Release|x86.ActiveCfg = Release|Win32
		{A2983ED2-712E-4130-AFF3-89840EB02CDE}.Release|x86.Build.0 = Release|Win32
	EndGlobalSection
	GlobalSection(SolutionProperties) = preSolution
		HideSolutionNode = FALSE
	EndGlobalSection
	GlobalSection(ExtensibilityGlobals) = postSolution
		SolutionGuid = {E3F72E4A-47AF-4294-BA57-1E6C6509CE2B}
	EndGlobalSection
EndGlobal
